
Microsoft Visual Studio Solution File, Format Version 12.00
# Visual Studio Version 16
VisualStudioVersion = 16.0.30804.86
MinimumVisualStudioVersion = 10.0.40219.1
Project("{2150E333-8FDC-42A3-9474-1A3956D46DE8}") = "src", "src", "{D4F2159A-4EB2-4CB9-9EAA-D45F11178FE5}"
EndProject
Project("{9A19103F-16F7-4668-BE54-9A1E7A4F7556}") = "Impostor.Metrics", "src\Impostor.Metrics\Impostor.Metrics.csproj", "{FC2A6BBB-EC90-4768-9D14-174826A561FF}"
EndProject
Global
	GlobalSection(SolutionConfigurationPlatforms) = preSolution
		Debug|Any CPU = Debug|Any CPU
		Release|Any CPU = Release|Any CPU
	EndGlobalSection
	GlobalSection(ProjectConfigurationPlatforms) = postSolution
		{FC2A6BBB-EC90-4768-9D14-174826A561FF}.Debug|Any CPU.ActiveCfg = Debug|Any CPU
		{FC2A6BBB-EC90-4768-9D14-174826A561FF}.Debug|Any CPU.Build.0 = Debug|Any CPU
		{FC2A6BBB-EC90-4768-9D14-174826A561FF}.Release|Any CPU.ActiveCfg = Release|Any CPU
		{FC2A6BBB-EC90-4768-9D14-174826A561FF}.Release|Any CPU.Build.0 = Release|Any CPU
	EndGlobalSection
	GlobalSection(SolutionProperties) = preSolution
		HideSolutionNode = FALSE
	EndGlobalSection
	GlobalSection(NestedProjects) = preSolution
		{FC2A6BBB-EC90-4768-9D14-174826A561FF} = {D4F2159A-4EB2-4CB9-9EAA-D45F11178FE5}
	EndGlobalSection
	GlobalSection(ExtensibilityGlobals) = postSolution
		SolutionGuid = {C29BBAB7-BFA7-4BD2-BBB7-69DEB08644F1}
	EndGlobalSection
EndGlobal
